
Microsoft Visual Studio Solution File, Format Version 12.00
# Visual Studio Version 17
VisualStudioVersion = 17.0.31717.71
MinimumVisualStudioVersion = 10.0.40219.1
Project("{9A19103F-16F7-4668-BE54-9A1E7A4F7556}") = "TestApp", "TestApp\TestApp.csproj", "{321250AB-D521-4495-A614-62385E8B5407}"
EndProject
Project("{2150E333-8FDC-42A3-9474-1A3956D46DE8}") = "Solution Items", "Solution Items", "{0BC3D4CC-A0C7-4552-89BE-2B1612F82C5D}"
	ProjectSection(SolutionItems) = preProject
		build.bat = build.bat
		LICENSE.txt = LICENSE.txt
		README.md = README.md
		registry.md = registry.md
		serializer.md = serializer.md
	EndProjectSection
EndProject
Project("{9A19103F-16F7-4668-BE54-9A1E7A4F7556}") = "Galador.Reflection", "Galador.Reflection\Galador.Reflection.csproj", "{B7D89600-3529-498F-B11E-F9790846B442}"
EndProject
Global
	GlobalSection(SolutionConfigurationPlatforms) = preSolution
		Debug|Any CPU = Debug|Any CPU
		Debug|ARM = Debug|ARM
		Debug|x64 = Debug|x64
		Debug|x86 = Debug|x86
		Release|Any CPU = Release|Any CPU
		Release|ARM = Release|ARM
		Release|x64 = Release|x64
		Release|x86 = Release|x86
	EndGlobalSection
	GlobalSection(ProjectConfigurationPlatforms) = postSolution
		{321250AB-D521-4495-A614-62385E8B5407}.Debug|Any CPU.ActiveCfg = Debug|Any CPU
		{321250AB-D521-4495-A614-62385E8B5407}.Debug|Any CPU.Build.0 = Debug|Any CPU
		{321250AB-D521-4495-A614-62385E8B5407}.Debug|ARM.ActiveCfg = Debug|Any CPU
		{321250AB-D521-4495-A614-62385E8B5407}.Debug|ARM.Build.0 = Debug|Any CPU
		{321250AB-D521-4495-A614-62385E8B5407}.Debug|x64.ActiveCfg = Debug|Any CPU
		{321250AB-D521-4495-A614-62385E8B5407}.Debug|x64.Build.0 = Debug|Any CPU
		{321250AB-D521-4495-A614-62385E8B5407}.Debug|x86.ActiveCfg = Debug|Any CPU
		{321250AB-D521-4495-A614-62385E8B5407}.Debug|x86.Build.0 = Debug|Any CPU
		{321250AB-D521-4495-A614-62385E8B5407}.Release|Any CPU.ActiveCfg = Release|Any CPU
		{321250AB-D521-4495-A614-62385E8B5407}.Release|Any CPU.Build.0 = Release|Any CPU
		{321250AB-D521-4495-A614-62385E8B5407}.Release|ARM.ActiveCfg = Release|Any CPU
		{321250AB-D521-4495-A614-62385E8B5407}.Release|ARM.Build.0 = Release|Any CPU
		{321250AB-D521-4495-A614-62385E8B5407}.Release|x64.ActiveCfg = Release|Any CPU
		{321250AB-D521-4495-A614-62385E8B5407}.Release|x64.Build.0 = Release|Any CPU
		{321250AB-D521-4495-A614-62385E8B5407}.Release|x86.ActiveCfg = Release|Any CPU
		{321250AB-D521-4495-A614-62385E8B5407}.Release|x86.Build.0 = Release|Any CPU
		{B7D89600-3529-498F-B11E-F9790846B442}.Debug|Any CPU.ActiveCfg = Debug|Any CPU
		{B7D89600-3529-498F-B11E-F9790846B442}.Debug|Any CPU.Build.0 = Debug|Any CPU
		{B7D89600-3529-498F-B11E-F9790846B442}.Debug|ARM.ActiveCfg = Debug|Any CPU
		{B7D89600-3529-498F-B11E-F9790846B442}.Debug|ARM.Build.0 = Debug|Any CPU
		{B7D89600-3529-498F-B11E-F9790846B442}.Debug|x64.ActiveCfg = Debug|Any CPU
		{B7D89600-3529-498F-B11E-F9790846B442}.Debug|x64.Build.0 = Debug|Any CPU
		{B7D89600-3529-498F-B11E-F9790846B442}.Debug|x86.ActiveCfg = Debug|Any CPU
		{B7D89600-3529-498F-B11E-F9790846B442}.Debug|x86.Build.0 = Debug|Any CPU
		{B7D89600-3529-498F-B11E-F9790846B442}.Release|Any CPU.ActiveCfg = Release|Any CPU
		{B7D89600-3529-498F-B11E-F9790846B442}.Release|Any CPU.Build.0 = Release|Any CPU
		{B7D89600-3529-498F-B11E-F9790846B442}.Release|ARM.ActiveCfg = Release|Any CPU
		{B7D89600-3529-498F-B11E-F9790846B442}.Release|ARM.Build.0 = Release|Any CPU
		{B7D89600-3529-498F-B11E-F9790846B442}.Release|x64.ActiveCfg = Release|Any CPU
		{B7D89600-3529-498F-B11E-F9790846B442}.Release|x64.Build.0 = Release|Any CPU
		{B7D89600-3529-498F-B11E-F9790846B442}.Release|x86.ActiveCfg = Release|Any CPU
		{B7D89600-3529-498F-B11E-F9790846B442}.Release|x86.Build.0 = Release|Any CPU
	EndGlobalSection
	GlobalSection(SolutionProperties) = preSolution
		HideSolutionNode = FALSE
	EndGlobalSection
	GlobalSection(ExtensibilityGlobals) = postSolution
		SolutionGuid = {4CF92EB4-781A-4FA8-A816-458BE431CA44}
	EndGlobalSection
EndGlobal
